
Microsoft Visual Studio Solution File, Format Version 12.00
# Visual Studio Version 17
VisualStudioVersion = 17.4.33213.308
MinimumVisualStudioVersion = 10.0.40219.1
Project("{2150E333-8FDC-42A3-9474-1A3956D46DE8}") = "Customers", "Customers", "{C1223C0D-D481-4EB6-B332-E48AF46687BB}"
EndProject
Project("{2150E333-8FDC-42A3-9474-1A3956D46DE8}") = "src", "src", "{D1D28AD2-7158-400D-AA0B-31782432BE9D}"
EndProject
Project("{9A19103F-16F7-4668-BE54-9A1E7A4F7556}") = "Customers.API", "Customers.API\Customers.API.csproj", "{1787DE3E-E3FD-4FF0-A88B-1C6B693E4C07}"
EndProject
Project("{9A19103F-16F7-4668-BE54-9A1E7A4F7556}") = "Customers.Application", "Customers.Application\Customers.Application.csproj", "{3C146968-8247-489D-8C90-F0ED2EBF8A9D}"
EndProject
Project("{9A19103F-16F7-4668-BE54-9A1E7A4F7556}") = "Customers.Domain", "Customers.Domain\Customers.Domain.csproj", "{BA81955F-DA41-42FB-BE3E-968C64494C7E}"
EndProject
Project("{9A19103F-16F7-4668-BE54-9A1E7A4F7556}") = "Customers.Infrastructure", "Customers.Infrastructure\Customers.Infrastructure.csproj", "{1DE63CD0-B09E-4E53-BA2D-9BE185E2BBE4}"
EndProject
Project("{2150E333-8FDC-42A3-9474-1A3956D46DE8}") = "test", "test", "{362E0EDF-3784-408E-9727-DC71AD192C4B}"
EndProject
Project("{9A19103F-16F7-4668-BE54-9A1E7A4F7556}") = "Customers.Test", "Customers.Test\Customers.Test.csproj", "{B5532C95-0C3E-4618-BF7A-EDE799403DBF}"
EndProject
Project("{2150E333-8FDC-42A3-9474-1A3956D46DE8}") = "Products", "Products", "{832F1DA8-B92D-4B91-832A-FB877B1A89D0}"
EndProject
Project("{2150E333-8FDC-42A3-9474-1A3956D46DE8}") = "src", "src", "{2A3E95AE-FB0B-45C9-A47E-E7E27A78B5E6}"
EndProject
Project("{2150E333-8FDC-42A3-9474-1A3956D46DE8}") = "test", "test", "{67D1CF2E-12C3-49CD-BCB6-FE320A3B2C02}"
EndProject
Project("{FAE04EC0-301F-11D3-BF4B-00C04F79EFBC}") = "Products.API", "Products.API\Products.API.csproj", "{A905569D-BA26-4292-9CFF-5AE6D1C3389B}"
EndProject
Project("{FAE04EC0-301F-11D3-BF4B-00C04F79EFBC}") = "Products.Application", "Products.Application\Products.Application.csproj", "{A9349011-EBC5-4147-8FAE-0ACC17CB2D72}"
EndProject
Project("{FAE04EC0-301F-11D3-BF4B-00C04F79EFBC}") = "Products.Domain", "Products.Domain\Products.Domain.csproj", "{7B58A6CE-EEA1-4BAE-9964-398C7548763D}"
EndProject
Project("{FAE04EC0-301F-11D3-BF4B-00C04F79EFBC}") = "Products.Infrastructure", "Products.Infrastructure\Products.Infrastructure.csproj", "{9BC20CCB-E1CF-40C0-A1A5-42F9E14B3C46}"
EndProject
Project("{FAE04EC0-301F-11D3-BF4B-00C04F79EFBC}") = "Products.Test", "Products.Test\Products.Test.csproj", "{93C41878-6C45-49A9-936F-423A19F5FF77}"
EndProject
Global
	GlobalSection(SolutionConfigurationPlatforms) = preSolution
		Debug|Any CPU = Debug|Any CPU
		Release|Any CPU = Release|Any CPU
	EndGlobalSection
	GlobalSection(ProjectConfigurationPlatforms) = postSolution
		{1787DE3E-E3FD-4FF0-A88B-1C6B693E4C07}.Debug|Any CPU.ActiveCfg = Debug|Any CPU
		{1787DE3E-E3FD-4FF0-A88B-1C6B693E4C07}.Debug|Any CPU.Build.0 = Debug|Any CPU
		{1787DE3E-E3FD-4FF0-A88B-1C6B693E4C07}.Release|Any CPU.ActiveCfg = Release|Any CPU
		{1787DE3E-E3FD-4FF0-A88B-1C6B693E4C07}.Release|Any CPU.Build.0 = Release|Any CPU
		{3C146968-8247-489D-8C90-F0ED2EBF8A9D}.Debug|Any CPU.ActiveCfg = Debug|Any CPU
		{3C146968-8247-489D-8C90-F0ED2EBF8A9D}.Debug|Any CPU.Build.0 = Debug|Any CPU
		{3C146968-8247-489D-8C90-F0ED2EBF8A9D}.Release|Any CPU.ActiveCfg = Release|Any CPU
		{3C146968-8247-489D-8C90-F0ED2EBF8A9D}.Release|Any CPU.Build.0 = Release|Any CPU
		{BA81955F-DA41-42FB-BE3E-968C64494C7E}.Debug|Any CPU.ActiveCfg = Debug|Any CPU
		{BA81955F-DA41-42FB-BE3E-968C64494C7E}.Debug|Any CPU.Build.0 = Debug|Any CPU
		{BA81955F-DA41-42FB-BE3E-968C64494C7E}.Release|Any CPU.ActiveCfg = Release|Any CPU
		{BA81955F-DA41-42FB-BE3E-968C64494C7E}.Release|Any CPU.Build.0 = Release|Any CPU
		{1DE63CD0-B09E-4E53-BA2D-9BE185E2BBE4}.Debug|Any CPU.ActiveCfg = Debug|Any CPU
		{1DE63CD0-B09E-4E53-BA2D-9BE185E2BBE4}.Debug|Any CPU.Build.0 = Debug|Any CPU
		{1DE63CD0-B09E-4E53-BA2D-9BE185E2BBE4}.Release|Any CPU.ActiveCfg = Release|Any CPU
		{1DE63CD0-B09E-4E53-BA2D-9BE185E2BBE4}.Release|Any CPU.Build.0 = Release|Any CPU
		{B5532C95-0C3E-4618-BF7A-EDE799403DBF}.Debug|Any CPU.ActiveCfg = Debug|Any CPU
		{B5532C95-0C3E-4618-BF7A-EDE799403DBF}.Debug|Any CPU.Build.0 = Debug|Any CPU
		{B5532C95-0C3E-4618-BF7A-EDE799403DBF}.Release|Any CPU.ActiveCfg = Release|Any CPU
		{B5532C95-0C3E-4618-BF7A-EDE799403DBF}.Release|Any CPU.Build.0 = Release|Any CPU
		{A905569D-BA26-4292-9CFF-5AE6D1C3389B}.Debug|Any CPU.ActiveCfg = Debug|Any CPU
		{A905569D-BA26-4292-9CFF-5AE6D1C3389B}.Debug|Any CPU.Build.0 = Debug|Any CPU
		{A905569D-BA26-4292-9CFF-5AE6D1C3389B}.Release|Any CPU.ActiveCfg = Release|Any CPU
		{A905569D-BA26-4292-9CFF-5AE6D1C3389B}.Release|Any CPU.Build.0 = Release|Any CPU
		{A9349011-EBC5-4147-8FAE-0ACC17CB2D72}.Debug|Any CPU.ActiveCfg = Debug|Any CPU
		{A9349011-EBC5-4147-8FAE-0ACC17CB2D72}.Debug|Any CPU.Build.0 = Debug|Any CPU
		{A9349011-EBC5-4147-8FAE-0ACC17CB2D72}.Release|Any CPU.ActiveCfg = Release|Any CPU
		{A9349011-EBC5-4147-8FAE-0ACC17CB2D72}.Release|Any CPU.Build.0 = Release|Any CPU
		{7B58A6CE-EEA1-4BAE-9964-398C7548763D}.Debug|Any CPU.ActiveCfg = Debug|Any CPU
		{7B58A6CE-EEA1-4BAE-9964-398C7548763D}.Debug|Any CPU.Build.0 = Debug|Any CPU
		{7B58A6CE-EEA1-4BAE-9964-398C7548763D}.Release|Any CPU.ActiveCfg = Release|Any CPU
		{7B58A6CE-EEA1-4BAE-9964-398C7548763D}.Release|Any CPU.Build.0 = Release|Any CPU
		{9BC20CCB-E1CF-40C0-A1A5-42F9E14B3C46}.Debug|Any CPU.ActiveCfg = Debug|Any CPU
		{9BC20CCB-E1CF-40C0-A1A5-42F9E14B3C46}.Debug|Any CPU.Build.0 = Debug|Any CPU
		{9BC20CCB-E1CF-40C0-A1A5-42F9E14B3C46}.Release|Any CPU.ActiveCfg = Release|Any CPU
		{9BC20CCB-E1CF-40C0-A1A5-42F9E14B3C46}.Release|Any CPU.Build.0 = Release|Any CPU
		{93C41878-6C45-49A9-936F-423A19F5FF77}.Debug|Any CPU.ActiveCfg = Debug|Any CPU
		{93C41878-6C45-49A9-936F-423A19F5FF77}.Debug|Any CPU.Build.0 = Debug|Any CPU
		{93C41878-6C45-49A9-936F-423A19F5FF77}.Release|Any CPU.ActiveCfg = Release|Any CPU
		{93C41878-6C45-49A9-936F-423A19F5FF77}.Release|Any CPU.Build.0 = Release|Any CPU
	EndGlobalSection
	GlobalSection(SolutionProperties) = preSolution
		HideSolutionNode = FALSE
	EndGlobalSection
	GlobalSection(NestedProjects) = preSolution
		{D1D28AD2-7158-400D-AA0B-31782432BE9D} = {C1223C0D-D481-4EB6-B332-E48AF46687BB}
		{1787DE3E-E3FD-4FF0-A88B-1C6B693E4C07} = {D1D28AD2-7158-400D-AA0B-31782432BE9D}
		{3C146968-8247-489D-8C90-F0ED2EBF8A9D} = {D1D28AD2-7158-400D-AA0B-31782432BE9D}
		{BA81955F-DA41-42FB-BE3E-968C64494C7E} = {D1D28AD2-7158-400D-AA0B-31782432BE9D}
		{1DE63CD0-B09E-4E53-BA2D-9BE185E2BBE4} = {D1D28AD2-7158-400D-AA0B-31782432BE9D}
		{362E0EDF-3784-408E-9727-DC71AD192C4B} = {C1223C0D-D481-4EB6-B332-E48AF46687BB}
		{B5532C95-0C3E-4618-BF7A-EDE799403DBF} = {362E0EDF-3784-408E-9727-DC71AD192C4B}
		{2A3E95AE-FB0B-45C9-A47E-E7E27A78B5E6} = {832F1DA8-B92D-4B91-832A-FB877B1A89D0}
		{67D1CF2E-12C3-49CD-BCB6-FE320A3B2C02} = {832F1DA8-B92D-4B91-832A-FB877B1A89D0}
		{A905569D-BA26-4292-9CFF-5AE6D1C3389B} = {2A3E95AE-FB0B-45C9-A47E-E7E27A78B5E6}
		{A9349011-EBC5-4147-8FAE-0ACC17CB2D72} = {2A3E95AE-FB0B-45C9-A47E-E7E27A78B5E6}
		{7B58A6CE-EEA1-4BAE-9964-398C7548763D} = {2A3E95AE-FB0B-45C9-A47E-E7E27A78B5E6}
		{9BC20CCB-E1CF-40C0-A1A5-42F9E14B3C46} = {2A3E95AE-FB0B-45C9-A47E-E7E27A78B5E6}
		{93C41878-6C45-49A9-936F-423A19F5FF77} = {67D1CF2E-12C3-49CD-BCB6-FE320A3B2C02}
	EndGlobalSection
	GlobalSection(ExtensibilityGlobals) = postSolution
		SolutionGuid = {5A4480BE-19AB-42FD-874B-BF28318EB508}
	EndGlobalSection
EndGlobal
